# This file is automatically @generated by Cargo.
# It is not intended for manual editing.
[[package]]
name = "dot-plugin"
version = "0.1.0"
dependencies = [
 "substrate-wasm-builder-runner 1.0.4 (registry+https://github.com/rust-lang/crates.io-index)",
]

[[package]]
name = "substrate-wasm-builder-runner"
version = "1.0.4"
source = "registry+https://github.com/rust-lang/crates.io-index"

[metadata]
"checksum substrate-wasm-builder-runner 1.0.4 (registry+https://github.com/rust-lang/crates.io-index)" = "bd48273fe9d7f92c1f7d6c1c537bb01c8068f925b47ad2cd8367e11dc32f8550"
